
Microsoft Visual Studio Solution File, Format Version 12.00
# Visual Studio 15
VisualStudioVersion = 15.0.27428.1
MinimumVisualStudioVersion = 10.0.40219.1
Project("{9A19103F-16F7-4668-BE54-9A1E7A4F7556}") = "TimeSheet", "MidtermTimeClockCottrill\TimeSheet.csproj", "{4B03EBF3-878D-479D-8EF0-58A1209187E8}"
EndProject
Project("{9A19103F-16F7-4668-BE54-9A1E7A4F7556}") = "TimeSheet.Tests", "MidtermTimeClockCottrill.Tests\TimeSheet.Tests.csproj", "{56511FFB-69E2-4A0F-9AB2-E249533FC7D1}"
	ProjectSection(ProjectDependencies) = postProject
		{4B03EBF3-878D-479D-8EF0-58A1209187E8} = {4B03EBF3-878D-479D-8EF0-58A1209187E8}
	EndProjectSection
EndProject
Global
	GlobalSection(SolutionConfigurationPlatforms) = preSolution
		Debug|Any CPU = Debug|Any CPU
		Release|Any CPU = Release|Any CPU
	EndGlobalSection
	GlobalSection(ProjectConfigurationPlatforms) = postSolution
		{4B03EBF3-878D-479D-8EF0-58A1209187E8}.Debug|Any CPU.ActiveCfg = Debug|Any CPU
		{4B03EBF3-878D-479D-8EF0-58A1209187E8}.Debug|Any CPU.Build.0 = Debug|Any CPU
		{4B03EBF3-878D-479D-8EF0-58A1209187E8}.Release|Any CPU.ActiveCfg = Release|Any CPU
		{4B03EBF3-878D-479D-8EF0-58A1209187E8}.Release|Any CPU.Build.0 = Release|Any CPU
		{56511FFB-69E2-4A0F-9AB2-E249533FC7D1}.Debug|Any CPU.ActiveCfg = Debug|Any CPU
		{56511FFB-69E2-4A0F-9AB2-E249533FC7D1}.Debug|Any CPU.Build.0 = Debug|Any CPU
		{56511FFB-69E2-4A0F-9AB2-E249533FC7D1}.Release|Any CPU.ActiveCfg = Release|Any CPU
		{56511FFB-69E2-4A0F-9AB2-E249533FC7D1}.Release|Any CPU.Build.0 = Release|Any CPU
	EndGlobalSection
	GlobalSection(SolutionProperties) = preSolution
		HideSolutionNode = FALSE
	EndGlobalSection
	GlobalSection(ExtensibilityGlobals) = postSolution
		SolutionGuid = {8BDFB5BD-F69A-4E9E-B7CF-F461D75ADE27}
	EndGlobalSection
EndGlobal
